
Microsoft Visual Studio Solution File, Format Version 12.00
# Visual Studio Version 16
VisualStudioVersion = 16.0.31019.35
MinimumVisualStudioVersion = 10.0.40219.1
Project("{FAE04EC0-301F-11D3-BF4B-00C04F79EFBC}") = "Business", "Business\Business.csproj", "{158621A9-4DA4-44BE-BC8D-922A4517D521}"
EndProject
Project("{FAE04EC0-301F-11D3-BF4B-00C04F79EFBC}") = "DataAccess", "DataAccess\DataAccess.csproj", "{0F61D038-A4AE-40B6-9CC8-8E0B4240DD95}"
EndProject
Project("{FAE04EC0-301F-11D3-BF4B-00C04F79EFBC}") = "ConsoleUI", "ConsoleUI\ConsoleUI.csproj", "{1128B571-5AAD-418A-9016-7D79D9BC1C46}"
EndProject
Project("{FAE04EC0-301F-11D3-BF4B-00C04F79EFBC}") = "Entities", "Entities\Entities.csproj", "{CA43CC82-CB9E-47DE-9079-0BB21DBA9005}"
EndProject
Global
	GlobalSection(SolutionConfigurationPlatforms) = preSolution
		Debug|Any CPU = Debug|Any CPU
		Release|Any CPU = Release|Any CPU
	EndGlobalSection
	GlobalSection(ProjectConfigurationPlatforms) = postSolution
		{158621A9-4DA4-44BE-BC8D-922A4517D521}.Debug|Any CPU.ActiveCfg = Debug|Any CPU
		{158621A9-4DA4-44BE-BC8D-922A4517D521}.Debug|Any CPU.Build.0 = Debug|Any CPU
		{158621A9-4DA4-44BE-BC8D-922A4517D521}.Release|Any CPU.ActiveCfg = Release|Any CPU
		{158621A9-4DA4-44BE-BC8D-922A4517D521}.Release|Any CPU.Build.0 = Release|Any CPU
		{0F61D038-A4AE-40B6-9CC8-8E0B4240DD95}.Debug|Any CPU.ActiveCfg = Debug|Any CPU
		{0F61D038-A4AE-40B6-9CC8-8E0B4240DD95}.Debug|Any CPU.Build.0 = Debug|Any CPU
		{0F61D038-A4AE-40B6-9CC8-8E0B4240DD95}.Release|Any CPU.ActiveCfg = Release|Any CPU
		{0F61D038-A4AE-40B6-9CC8-8E0B4240DD95}.Release|Any CPU.Build.0 = Release|Any CPU
		{1128B571-5AAD-418A-9016-7D79D9BC1C46}.Debug|Any CPU.ActiveCfg = Debug|Any CPU
		{1128B571-5AAD-418A-9016-7D79D9BC1C46}.Debug|Any CPU.Build.0 = Debug|Any CPU
		{1128B571-5AAD-418A-9016-7D79D9BC1C46}.Release|Any CPU.ActiveCfg = Release|Any CPU
		{1128B571-5AAD-418A-9016-7D79D9BC1C46}.Release|Any CPU.Build.0 = Release|Any CPU
		{CA43CC82-CB9E-47DE-9079-0BB21DBA9005}.Debug|Any CPU.ActiveCfg = Debug|Any CPU
		{CA43CC82-CB9E-47DE-9079-0BB21DBA9005}.Debug|Any CPU.Build.0 = Debug|Any CPU
		{CA43CC82-CB9E-47DE-9079-0BB21DBA9005}.Release|Any CPU.ActiveCfg = Release|Any CPU
		{CA43CC82-CB9E-47DE-9079-0BB21DBA9005}.Release|Any CPU.Build.0 = Release|Any CPU
	EndGlobalSection
	GlobalSection(SolutionProperties) = preSolution
		HideSolutionNode = FALSE
	EndGlobalSection
	GlobalSection(ExtensibilityGlobals) = postSolution
		SolutionGuid = {F853BF57-7005-4C25-B271-D3B85FE5809A}
	EndGlobalSection
EndGlobal
